lockfileVersion: 5.3

specifiers:
  '@vitest/ui': ^0.7.4
  esbuild: ^0.14.27
  rollup: ^2.70.1
  rollup-plugin-esbuild: ^4.8.2
  vite: ^2.8.6
  vitest: ^0.7.4

devDependencies:
  '@vitest/ui': 0.7.4
  esbuild: 0.14.27
  rollup: 2.70.1
  rollup-plugin-esbuild: 4.8.2_esbuild@0.14.27+rollup@2.70.1
  vite: 2.8.6
  vitest: 0.7.4_@vitest+ui@0.7.4

packages:

  /@polka/url/1.0.0-next.21:
    resolution: {integrity: sha512-a5Sab1C4/icpTZVzZc5Ghpz88yQtGOyNqYXcZgOssB2uuAr+wF/MvN6bgtW32q7HHrvBki+BsZ0OuNv6EV3K9g==}
    dev: true

  /@rollup/pluginutils/4.2.0:
    resolution: {integrity: sha512-2WUyJNRkyH5p487pGnn4tWAsxhEFKN/pT8CMgHshd5H+IXkOnKvKZwsz5ZWz+YCXkleZRAU5kwbfgF8CPfDRqA==}
    engines: {node: '>= 8.0.0'}
    dependencies:
      estree-walker: 2.0.2
      picomatch: 2.3.1
    dev: true

  /@types/chai-subset/1.3.3:
    resolution: {integrity: sha512-frBecisrNGz+F4T6bcc+NLeolfiojh5FxW2klu669+8BARtyQv2C/GkNW6FUodVe4BroGMP/wER/YDGc7rEllw==}
    dependencies:
      '@types/chai': 4.3.0
    dev: true

  /@types/chai/4.3.0:
    resolution: {integrity: sha512-/ceqdqeRraGolFTcfoXNiqjyQhZzbINDngeoAq9GoHa8PPK1yNzTaxWjA6BFWp5Ua9JpXEMSS4s5i9tS0hOJtw==}
    dev: true

  /@vitest/ui/0.7.4:
    resolution: {integrity: sha512-FfUU1um8o+Cic44fTWxbGXv6sPMSiZxTysPxbR+2/K8t9+d0DzWsSa3lUjTRgiJQ1tiQpRP2sT4kkM/UO8XdzQ==}
    dependencies:
      sirv: 2.0.2
    dev: true

  /assertion-error/1.1.0:
    resolution: {integrity: sha512-jgsaNduz+ndvGyFt3uSuWqvy4lCnIJiovtouQN5JZHOKCS2QuhEdbcQHFhVksz2N2U9hXJo8odG7ETyWlEeuDw==}
    dev: true

  /chai/4.3.6:
    resolution: {integrity: sha512-bbcp3YfHCUzMOvKqsztczerVgBKSsEijCySNlHHbX3VG1nskvqjz5Rfso1gGwD6w6oOV3eI60pKuMOV5MV7p3Q==}
    engines: {node: '>=4'}
    dependencies:
      assertion-error: 1.1.0
      check-error: 1.0.2
      deep-eql: 3.0.1
      get-func-name: 2.0.0
      loupe: 2.3.4
      pathval: 1.1.1
      type-detect: 4.0.8
    dev: true

  /check-error/1.0.2:
    resolution: {integrity: sha1-V00xLt2Iu13YkS6Sht1sCu1KrII=}
    dev: true

  /debug/4.3.4:
    resolution: {integrity: sha512-PRWFHuSU3eDtQJPvnNY7Jcket1j0t5OuOsFzPPzsekD52Zl8qUfFIPEiswXqIvHWGVHOgX+7G/vCNNhehwxfkQ==}
    engines: {node: '>=6.0'}
    peerDependencies:
      supports-color: '*'
    peerDependenciesMeta:
      supports-color:
        optional: true
    dependencies:
      ms: 2.1.2
    dev: true

  /deep-eql/3.0.1:
    resolution: {integrity: sha512-+QeIQyN5ZuO+3Uk5DYh6/1eKO0m0YmJFGNmFHGACpf1ClL1nmlV/p4gNgbl2pJGxgXb4faqo6UE+M5ACEMyVcw==}
    engines: {node: '>=0.12'}
    dependencies:
      type-detect: 4.0.8
    dev: true

  /es-module-lexer/0.9.3:
    resolution: {integrity: sha512-1HQ2M2sPtxwnvOvT1ZClHyQDiggdNjURWpY2we6aMKCQiUVxTmVs2UYPLIrD84sS+kMdUwfBSylbJPwNnBrnHQ==}
    dev: true

  /esbuild-android-64/0.14.27:
    resolution: {integrity: sha512-LuEd4uPuj/16Y8j6kqy3Z2E9vNY9logfq8Tq+oTE2PZVuNs3M1kj5Qd4O95ee66yDGb3isaOCV7sOLDwtMfGaQ==}
    engines: {node: '>=12'}
    cpu: [x64]
    os: [android]
    requiresBuild: true
    dev: true
    optional: true

  /esbuild-android-arm64/0.14.27:
    resolution: {integrity: sha512-E8Ktwwa6vX8q7QeJmg8yepBYXaee50OdQS3BFtEHKrzbV45H4foMOeEE7uqdjGQZFBap5VAqo7pvjlyA92wznQ==}
    engines: {node: '>=12'}
    cpu: [arm64]
    os: [android]
    requiresBuild: true
    dev: true
    optional: true

  /esbuild-darwin-64/0.14.27:
    resolution: {integrity: sha512-czw/kXl/1ZdenPWfw9jDc5iuIYxqUxgQ/Q+hRd4/3udyGGVI31r29LCViN2bAJgGvQkqyLGVcG03PJPEXQ5i2g==}
    engines: {node: '>=12'}
    cpu: [x64]
    os: [darwin]
    requiresBuild: true
    dev: true
    optional: true

  /esbuild-darwin-arm64/0.14.27:
    resolution: {integrity: sha512-BEsv2U2U4o672oV8+xpXNxN9bgqRCtddQC6WBh4YhXKDcSZcdNh7+6nS+DM2vu7qWIWNA4JbRG24LUUYXysimQ==}
    engines: {node: '>=12'}
    cpu: [arm64]
    os: [darwin]
    requiresBuild: true
    dev: true
    optional: true

  /esbuild-freebsd-64/0.14.27:
    resolution: {integrity: sha512-7FeiFPGBo+ga+kOkDxtPmdPZdayrSzsV9pmfHxcyLKxu+3oTcajeZlOO1y9HW+t5aFZPiv7czOHM4KNd0tNwCA==}
    engines: {node: '>=12'}
    cpu: [x64]
    os: [freebsd]
    requiresBuild: true
    dev: true
    optional: true

  /esbuild-freebsd-arm64/0.14.27:
    resolution: {integrity: sha512-8CK3++foRZJluOWXpllG5zwAVlxtv36NpHfsbWS7TYlD8S+QruXltKlXToc/5ZNzBK++l6rvRKELu/puCLc7jA==}
    engines: {node: '>=12'}
    cpu: [arm64]
    os: [freebsd]
    requiresBuild: true
    dev: true
    optional: true

  /esbuild-linux-32/0.14.27:
    resolution: {integrity: sha512-qhNYIcT+EsYSBClZ5QhLzFzV5iVsP1YsITqblSaztr3+ZJUI+GoK8aXHyzKd7/CKKuK93cxEMJPpfi1dfsOfdw==}
    engines: {node: '>=12'}
    cpu: [ia32]
    os: [linux]
    requiresBuild: true
    dev: true
    optional: true

  /esbuild-linux-64/0.14.27:
    resolution: {integrity: sha512-ESjck9+EsHoTaKWlFKJpPZRN26uiav5gkI16RuI8WBxUdLrrAlYuYSndxxKgEn1csd968BX/8yQZATYf/9+/qg==}
    engines: {node: '>=12'}
    cpu: [x64]
    os: [linux]
    requiresBuild: true
    dev: true
    optional: true

  /esbuild-linux-arm/0.14.27:
    resolution: {integrity: sha512-JnnmgUBdqLQO9hoNZQqNHFWlNpSX82vzB3rYuCJMhtkuaWQEmQz6Lec1UIxJdC38ifEghNTBsF9bbe8dFilnCw==}
    engines: {node: '>=12'}
    cpu: [arm]
    os: [linux]
    requiresBuild: true
    dev: true
    optional: true

  /esbuild-linux-arm64/0.14.27:
    resolution: {integrity: sha512-no6Mi17eV2tHlJnqBHRLekpZ2/VYx+NfGxKcBE/2xOMYwctsanCaXxw4zapvNrGE9X38vefVXLz6YCF8b1EHiQ==}
    engines: {node: '>=12'}
    cpu: [arm64]
    os: [linux]
    requiresBuild: true
    dev: true
    optional: true

  /esbuild-linux-mips64le/0.14.27:
    resolution: {integrity: sha512-NolWP2uOvIJpbwpsDbwfeExZOY1bZNlWE/kVfkzLMsSgqeVcl5YMen/cedRe9mKnpfLli+i0uSp7N+fkKNU27A==}
    engines: {node: '>=12'}
    cpu: [mips64el]
    os: [linux]
    requiresBuild: true
    dev: true
    optional: true

  /esbuild-linux-ppc64le/0.14.27:
    resolution: {integrity: sha512-/7dTjDvXMdRKmsSxKXeWyonuGgblnYDn0MI1xDC7J1VQXny8k1qgNp6VmrlsawwnsymSUUiThhkJsI+rx0taNA==}
    engines: {node: '>=12'}
    cpu: [ppc64]
    os: [linux]
    requiresBuild: true
    dev: true
    optional: true

  /esbuild-linux-riscv64/0.14.27:
    resolution: {integrity: sha512-D+aFiUzOJG13RhrSmZgrcFaF4UUHpqj7XSKrIiCXIj1dkIkFqdrmqMSOtSs78dOtObWiOrFCDDzB24UyeEiNGg==}
    engines: {node: '>=12'}
    cpu: [riscv64]
    os: [linux]
    requiresBuild: true
    dev: true
    optional: true

  /esbuild-linux-s390x/0.14.27:
    resolution: {integrity: sha512-CD/D4tj0U4UQjELkdNlZhQ8nDHU5rBn6NGp47Hiz0Y7/akAY5i0oGadhEIg0WCY/HYVXFb3CsSPPwaKcTOW3bg==}
    engines: {node: '>=12'}
    cpu: [s390x]
    os: [linux]
    requiresBuild: true
    dev: true
    optional: true

  /esbuild-netbsd-64/0.14.27:
    resolution: {integrity: sha512-h3mAld69SrO1VoaMpYl3a5FNdGRE/Nqc+E8VtHOag4tyBwhCQXxtvDDOAKOUQexBGca0IuR6UayQ4ntSX5ij1Q==}
    engines: {node: '>=12'}
    cpu: [x64]
    os: [netbsd]
    requiresBuild: true
    dev: true
    optional: true

  /esbuild-openbsd-64/0.14.27:
    resolution: {integrity: sha512-xwSje6qIZaDHXWoPpIgvL+7fC6WeubHHv18tusLYMwL+Z6bEa4Pbfs5IWDtQdHkArtfxEkIZz77944z8MgDxGw==}
    engines: {node: '>=12'}
    cpu: [x64]
    os: [openbsd]
    requiresBuild: true
    dev: true
    optional: true

  /esbuild-sunos-64/0.14.27:
    resolution: {integrity: sha512-/nBVpWIDjYiyMhuqIqbXXsxBc58cBVH9uztAOIfWShStxq9BNBik92oPQPJ57nzWXRNKQUEFWr4Q98utDWz7jg==}
    engines: {node: '>=12'}
    cpu: [x64]
    os: [sunos]
    requiresBuild: true
    dev: true
    optional: true

  /esbuild-windows-32/0.14.27:
    resolution: {integrity: sha512-Q9/zEjhZJ4trtWhFWIZvS/7RUzzi8rvkoaS9oiizkHTTKd8UxFwn/Mm2OywsAfYymgUYm8+y2b+BKTNEFxUekw==}
    engines: {node: '>=12'}
    cpu: [ia32]
    os: [win32]
    requiresBuild: true
    dev: true
    optional: true

  /esbuild-windows-64/0.14.27:
    resolution: {integrity: sha512-b3y3vTSl5aEhWHK66ngtiS/c6byLf6y/ZBvODH1YkBM+MGtVL6jN38FdHUsZasCz9gFwYs/lJMVY9u7GL6wfYg==}
    engines: {node: '>=12'}
    cpu: [x64]
    os: [win32]
    requiresBuild: true
    dev: true
    optional: true

  /esbuild-windows-arm64/0.14.27:
    resolution: {integrity: sha512-I/reTxr6TFMcR5qbIkwRGvldMIaiBu2+MP0LlD7sOlNXrfqIl9uNjsuxFPGEG4IRomjfQ5q8WT+xlF/ySVkqKg==}
    engines: {node: '>=12'}
    cpu: [arm64]
    os: [win32]
    requiresBuild: true
    dev: true
    optional: true

  /esbuild/0.14.27:
    resolution: {integrity: sha512-MZQt5SywZS3hA9fXnMhR22dv0oPGh6QtjJRIYbgL1AeqAoQZE+Qn5ppGYQAoHv/vq827flj4tIJ79Mrdiwk46Q==}
    engines: {node: '>=12'}
    hasBin: true
    requiresBuild: true
    optionalDependencies:
      esbuild-android-64: 0.14.27
      esbuild-android-arm64: 0.14.27
      esbuild-darwin-64: 0.14.27
      esbuild-darwin-arm64: 0.14.27
      esbuild-freebsd-64: 0.14.27
      esbuild-freebsd-arm64: 0.14.27
      esbuild-linux-32: 0.14.27
      esbuild-linux-64: 0.14.27
      esbuild-linux-arm: 0.14.27
      esbuild-linux-arm64: 0.14.27
      esbuild-linux-mips64le: 0.14.27
      esbuild-linux-ppc64le: 0.14.27
      esbuild-linux-riscv64: 0.14.27
      esbuild-linux-s390x: 0.14.27
      esbuild-netbsd-64: 0.14.27
      esbuild-openbsd-64: 0.14.27
      esbuild-sunos-64: 0.14.27
      esbuild-windows-32: 0.14.27
      esbuild-windows-64: 0.14.27
      esbuild-windows-arm64: 0.14.27
    dev: true

  /estree-walker/2.0.2:
    resolution: {integrity: sha512-Rfkk/Mp/DL7JVje3u18FxFujQlTNR2q6QfMSMB7AvCBx91NGj/ba3kCfza0f6dVDbw7YlRf/nDrn7pQrCCyQ/w==}
    dev: true

  /fsevents/2.3.2:
    resolution: {integrity: sha512-xiqMQR4xAeHTuB9uWm+fFRcIOgKBMiOBP+eXiyT7jsgVCq1bkVygt00oASowB7EdtpOHaaPgKt812P9ab+DDKA==}
    engines: {node: ^8.16.0 || ^10.6.0 || >=11.0.0}
    os: [darwin]
    requiresBuild: true
    dev: true
    optional: true

  /function-bind/1.1.1:
    resolution: {integrity: sha512-yIovAzMX49sF8Yl58fSCWJ5svSLuaibPxXQJFLmBObTuCr0Mf1KiPopGM9NiFjiYBCbfaa2Fh6breQ6ANVTI0A==}
    dev: true

  /get-func-name/2.0.0:
    resolution: {integrity: sha1-6td0q+5y4gQJQzoGY2YCPdaIekE=}
    dev: true

  /has/1.0.3:
    resolution: {integrity: sha512-f2dvO0VU6Oej7RkWJGrehjbzMAjFp5/VKPp5tTpWIV4JHHZK1/BxbFRtf/siA2SWTe09caDmVtYYzWEIbBS4zw==}
    engines: {node: '>= 0.4.0'}
    dependencies:
      function-bind: 1.1.1
    dev: true

  /is-core-module/2.8.1:
    resolution: {integrity: sha512-SdNCUs284hr40hFTFP6l0IfZ/RSrMXF3qgoRHd3/79unUTvrFO/JoXwkGm+5J/Oe3E/b5GsnG330uUNgRpu1PA==}
    dependencies:
      has: 1.0.3
    dev: true

  /joycon/3.1.1:
    resolution: {integrity: sha512-34wB/Y7MW7bzjKRjUKTa46I2Z7eV62Rkhva+KkopW7Qvv/OSWBqvkSY7vusOPrNuZcUG3tApvdVgNB8POj3SPw==}
    engines: {node: '>=10'}
    dev: true

  /jsonc-parser/3.0.0:
    resolution: {integrity: sha512-fQzRfAbIBnR0IQvftw9FJveWiHp72Fg20giDrHz6TdfB12UH/uue0D3hm57UB5KgAVuniLMCaS8P1IMj9NR7cA==}
    dev: true

  /local-pkg/0.4.1:
    resolution: {integrity: sha512-lL87ytIGP2FU5PWwNDo0w3WhIo2gopIAxPg9RxDYF7m4rr5ahuZxP22xnJHIvaLTe4Z9P6uKKY2UHiwyB4pcrw==}
    engines: {node: '>=14'}
    dev: true

  /loupe/2.3.4:
    resolution: {integrity: sha512-OvKfgCC2Ndby6aSTREl5aCCPTNIzlDfQZvZxNUrBrihDhL3xcrYegTblhmEiCrg2kKQz4XsFIaemE5BF4ybSaQ==}
    dependencies:
      get-func-name: 2.0.0
    dev: true

  /mrmime/1.0.0:
    resolution: {integrity: sha512-a70zx7zFfVO7XpnQ2IX1Myh9yY4UYvfld/dikWRnsXxbyvMcfz+u6UfgNAtH+k2QqtJuzVpv6eLTx1G2+WKZbQ==}
    engines: {node: '>=10'}
    dev: true

  /ms/2.1.2:
    resolution: {integrity: sha512-sGkPx+VjMtmA6MX27oA4FBFELFCZZ4S4XqeGOXCv68tT+jb3vk/RyaKWP0PTKyWtmLSM0b+adUTEvbs1PEaH2w==}
    dev: true

  /nanoid/3.3.1:
    resolution: {integrity: sha512-n6Vs/3KGyxPQd6uO0eH4Bv0ojGSUvuLlIHtC3Y0kEO23YRge8H9x1GCzLn28YX0H66pMkxuaeESFq4tKISKwdw==}
    engines: {node: ^10 || ^12 || ^13.7 || ^14 || >=15.0.1}
    hasBin: true
    dev: true

  /path-parse/1.0.7:
    resolution: {integrity: sha512-LDJzPVEEEPR+y48z93A0Ed0yXb8pAByGWo/k5YYdYgpY2/2EsOsksJrq7lOHxryrVOn1ejG6oAp8ahvOIQD8sw==}
    dev: true

  /pathval/1.1.1:
    resolution: {integrity: sha512-Dp6zGqpTdETdR63lehJYPeIOqpiNBNtc7BpWSLrOje7UaIsE5aY92r/AunQA7rsXvet3lrJ3JnZX29UPTKXyKQ==}
    dev: true

  /picocolors/1.0.0:
    resolution: {integrity: sha512-1fygroTLlHu66zi26VoTDv8yRgm0Fccecssto+MhsZ0D/DGW2sm8E8AjW7NU5VVTRt5GxbeZ5qBuJr+HyLYkjQ==}
    dev: true

  /picomatch/2.3.1:
    resolution: {integrity: sha512-JU3teHTNjmE2VCGFzuY8EXzCDVwEqB2a8fsIvwaStHhAWJEeVd1o1QD80CU6+ZdEXXSLbSsuLwJjkCBWqRQUVA==}
    engines: {node: '>=8.6'}
    dev: true

  /postcss/8.4.12:
    resolution: {integrity: sha512-lg6eITwYe9v6Hr5CncVbK70SoioNQIq81nsaG86ev5hAidQvmOeETBqs7jm43K2F5/Ley3ytDtriImV6TpNiSg==}
    engines: {node: ^10 || ^12 || >=14}
    dependencies:
      nanoid: 3.3.1
      picocolors: 1.0.0
      source-map-js: 1.0.2
    dev: true

  /resolve/1.22.0:
    resolution: {integrity: sha512-Hhtrw0nLeSrFQ7phPp4OOcVjLPIeMnRlr5mcnVuMe7M/7eBn98A3hmFRLoFo3DLZkivSYwhRUJTyPyWAk56WLw==}
    hasBin: true
    dependencies:
      is-core-module: 2.8.1
      path-parse: 1.0.7
      supports-preserve-symlinks-flag: 1.0.0
    dev: true

  /rollup-plugin-esbuild/4.8.2_esbuild@0.14.27+rollup@2.70.1:
    resolution: {integrity: sha512-wsaYNOjzTb6dN1qCIZsMZ7Q0LWiPJklYs2TDI8vJA2LUbvtPUY+17TC8C0vSat3jPMInfR9XWKdA7ttuwkjsGQ==}
    engines: {node: '>=12'}
    peerDependencies:
      esbuild: '>=0.10.1'
      rollup: ^1.20.0 || ^2.0.0
    dependencies:
      '@rollup/pluginutils': 4.2.0
      debug: 4.3.4
      es-module-lexer: 0.9.3
      esbuild: 0.14.27
      joycon: 3.1.1
      jsonc-parser: 3.0.0
      rollup: 2.70.1
    transitivePeerDependencies:
      - supports-color
    dev: true

  /rollup/2.70.1:
    resolution: {integrity: sha512-CRYsI5EuzLbXdxC6RnYhOuRdtz4bhejPMSWjsFLfVM/7w/85n2szZv6yExqUXsBdz5KT8eoubeyDUDjhLHEslA==}
    engines: {node: '>=10.0.0'}
    hasBin: true
    optionalDependencies:
      fsevents: 2.3.2
    dev: true

  /sirv/2.0.2:
    resolution: {integrity: sha512-4Qog6aE29nIjAOKe/wowFTxOdmbEZKb+3tsLljaBRzJwtqto0BChD2zzH0LhgCSXiI+V7X+Y45v14wBZQ1TK3w==}
    engines: {node: '>= 10'}
    dependencies:
      '@polka/url': 1.0.0-next.21
      mrmime: 1.0.0
      totalist: 3.0.0
    dev: true

  /source-map-js/1.0.2:
    resolution: {integrity: sha512-R0XvVJ9WusLiqTCEiGCmICCMplcCkIwwR11mOSD9CR5u+IXYdiseeEuXCVAjS54zqwkLcPNnmU4OeJ6tUrWhDw==}
    engines: {node: '>=0.10.0'}
    dev: true

  /supports-preserve-symlinks-flag/1.0.0:
    resolution: {integrity: sha512-ot0WnXS9fgdkgIcePe6RHNk1WA8+muPa6cSjeR3V8K27q9BB1rTE3R1p7Hv0z1ZyAc8s6Vvv8DIyWf681MAt0w==}
    engines: {node: '>= 0.4'}
    dev: true

  /tinypool/0.1.2:
    resolution: {integrity: sha512-fvtYGXoui2RpeMILfkvGIgOVkzJEGediv8UJt7TxdAOY8pnvUkFg/fkvqTfXG9Acc9S17Cnn1S4osDc2164guA==}
    engines: {node: '>=14.0.0'}
    dev: true

  /tinyspy/0.3.0:
    resolution: {integrity: sha512-c5uFHqtUp74R2DJE3/Efg0mH5xicmgziaQXMm/LvuuZn3RdpADH32aEGDRyCzObXT1DNfwDMqRQ/Drh1MlO12g==}
    engines: {node: '>=14.0.0'}
    dev: true

  /totalist/3.0.0:
    resolution: {integrity: sha512-eM+pCBxXO/njtF7vdFsHuqb+ElbxqtI4r5EAvk6grfAFyJ6IvWlSkfZ5T9ozC6xWw3Fj1fGoSmrl0gUs46JVIw==}
    engines: {node: '>=6'}
    dev: true

  /type-detect/4.0.8:
    resolution: {integrity: sha512-0fr/mIH1dlO+x7TlcMy+bIDqKPsw/70tVyeHW787goQjhmqaZe10uwLujubK9q9Lg6Fiho1KUKDYz0Z7k7g5/g==}
    engines: {node: '>=4'}
    dev: true

  /vite/2.8.6:
    resolution: {integrity: sha512-e4H0QpludOVKkmOsRyqQ7LTcMUDF3mcgyNU4lmi0B5JUbe0ZxeBBl8VoZ8Y6Rfn9eFKYtdXNPcYK97ZwH+K2ug==}
    engines: {node: '>=12.2.0'}
    hasBin: true
    peerDependencies:
      less: '*'
      sass: '*'
      stylus: '*'
    peerDependenciesMeta:
      less:
        optional: true
      sass:
        optional: true
      stylus:
        optional: true
    dependencies:
      esbuild: 0.14.27
      postcss: 8.4.12
      resolve: 1.22.0
      rollup: 2.70.1
    optionalDependencies:
      fsevents: 2.3.2
    dev: true

  /vitest/0.7.4_@vitest+ui@0.7.4:
    resolution: {integrity: sha512-6kyJ/YZJFVj/zEVVHFyvLvAZlbg05yAyJrk7oP+FOCFanGRYK7bBEz4qsIpNHxX+dlf5vRkbBDjpdXzGL7udeA==}
    engines: {node: '>=14.14.0'}
    hasBin: true
    peerDependencies:
      '@vitest/ui': '*'
      c8: '*'
      happy-dom: '*'
      jsdom: '*'
    peerDependenciesMeta:
      '@vitest/ui':
        optional: true
      c8:
        optional: true
      happy-dom:
        optional: true
      jsdom:
        optional: true
    dependencies:
      '@types/chai': 4.3.0
      '@types/chai-subset': 1.3.3
      '@vitest/ui': 0.7.4
      chai: 4.3.6
      local-pkg: 0.4.1
      tinypool: 0.1.2
      tinyspy: 0.3.0
      vite: 2.8.6
    transitivePeerDependencies:
      - less
      - sass
      - stylus
    dev: true
